
Microsoft Visual Studio Solution File, Format Version 12.00
Project("{FAE04EC0-301F-11D3-BF4B-00C04F79EFBC}") = "WidgetsDrawing.Console", "WidgetsDrawing.Console\WidgetsDrawing.Console.csproj", "{919E65BA-FB38-44F8-B96A-2E5D5968D31D}"
EndProject
Project("{FAE04EC0-301F-11D3-BF4B-00C04F79EFBC}") = "WidgetsDrawing.Tests", "WidgetsDrawing.Tests\WidgetsDrawing.Tests.csproj", "{4CCEDF17-43D1-478C-8468-59DBB767E199}"
EndProject
Global
	GlobalSection(SolutionConfigurationPlatforms) = preSolution
		Debug|Any CPU = Debug|Any CPU
		Release|Any CPU = Release|Any CPU
	EndGlobalSection
	GlobalSection(ProjectConfigurationPlatforms) = postSolution
		{919E65BA-FB38-44F8-B96A-2E5D5968D31D}.Debug|Any CPU.ActiveCfg = Debug|Any CPU
		{919E65BA-FB38-44F8-B96A-2E5D5968D31D}.Debug|Any CPU.Build.0 = Debug|Any CPU
		{919E65BA-FB38-44F8-B96A-2E5D5968D31D}.Release|Any CPU.ActiveCfg = Release|Any CPU
		{919E65BA-FB38-44F8-B96A-2E5D5968D31D}.Release|Any CPU.Build.0 = Release|Any CPU
		{4CCEDF17-43D1-478C-8468-59DBB767E199}.Debug|Any CPU.ActiveCfg = Debug|Any CPU
		{4CCEDF17-43D1-478C-8468-59DBB767E199}.Debug|Any CPU.Build.0 = Debug|Any CPU
		{4CCEDF17-43D1-478C-8468-59DBB767E199}.Release|Any CPU.ActiveCfg = Release|Any CPU
		{4CCEDF17-43D1-478C-8468-59DBB767E199}.Release|Any CPU.Build.0 = Release|Any CPU
	EndGlobalSection
EndGlobal
